
Microsoft Visual Studio Solution File, Format Version 12.00
# Visual Studio Version 16
VisualStudioVersion = 16.6.30114.105
MinimumVisualStudioVersion = 10.0.40219.1
Project("{2150E333-8FDC-42A3-9474-1A3956D46DE8}") = "src", "src", "{AE94EEC1-2A6F-4225-BFE9-2B4A8FF0DC1D}"
EndProject
Project("{FAE04EC0-301F-11D3-BF4B-00C04F79EFBC}") = "Qontak.Crm", "src\Qontak.Crm\Qontak.Crm.csproj", "{4532B44A-5CE2-4324-9FB4-9B9E06F99CD4}"
EndProject
Project("{2150E333-8FDC-42A3-9474-1A3956D46DE8}") = "test", "test", "{4A3A3C70-1A16-44F5-AADA-D9FFF54BE7E6}"
EndProject
Project("{FAE04EC0-301F-11D3-BF4B-00C04F79EFBC}") = "Qontak.Crm.Tests", "test\Qontak.Crm.Tests\Qontak.Crm.Tests.csproj", "{89F66355-F554-4CDF-8FA6-3DE335FDB170}"
EndProject
Global
	GlobalSection(SolutionConfigurationPlatforms) = preSolution
		Debug|Any CPU = Debug|Any CPU
		Debug|x64 = Debug|x64
		Debug|x86 = Debug|x86
		Release|Any CPU = Release|Any CPU
		Release|x64 = Release|x64
		Release|x86 = Release|x86
	EndGlobalSection
	GlobalSection(SolutionProperties) = preSolution
		HideSolutionNode = FALSE
	EndGlobalSection
	GlobalSection(ProjectConfigurationPlatforms) = postSolution
		{4532B44A-5CE2-4324-9FB4-9B9E06F99CD4}.Debug|Any CPU.ActiveCfg = Debug|Any CPU
		{4532B44A-5CE2-4324-9FB4-9B9E06F99CD4}.Debug|Any CPU.Build.0 = Debug|Any CPU
		{4532B44A-5CE2-4324-9FB4-9B9E06F99CD4}.Debug|x64.ActiveCfg = Debug|Any CPU
		{4532B44A-5CE2-4324-9FB4-9B9E06F99CD4}.Debug|x64.Build.0 = Debug|Any CPU
		{4532B44A-5CE2-4324-9FB4-9B9E06F99CD4}.Debug|x86.ActiveCfg = Debug|Any CPU
		{4532B44A-5CE2-4324-9FB4-9B9E06F99CD4}.Debug|x86.Build.0 = Debug|Any CPU
		{4532B44A-5CE2-4324-9FB4-9B9E06F99CD4}.Release|Any CPU.ActiveCfg = Release|Any CPU
		{4532B44A-5CE2-4324-9FB4-9B9E06F99CD4}.Release|Any CPU.Build.0 = Release|Any CPU
		{4532B44A-5CE2-4324-9FB4-9B9E06F99CD4}.Release|x64.ActiveCfg = Release|Any CPU
		{4532B44A-5CE2-4324-9FB4-9B9E06F99CD4}.Release|x64.Build.0 = Release|Any CPU
		{4532B44A-5CE2-4324-9FB4-9B9E06F99CD4}.Release|x86.ActiveCfg = Release|Any CPU
		{4532B44A-5CE2-4324-9FB4-9B9E06F99CD4}.Release|x86.Build.0 = Release|Any CPU
		{89F66355-F554-4CDF-8FA6-3DE335FDB170}.Debug|Any CPU.ActiveCfg = Debug|Any CPU
		{89F66355-F554-4CDF-8FA6-3DE335FDB170}.Debug|Any CPU.Build.0 = Debug|Any CPU
		{89F66355-F554-4CDF-8FA6-3DE335FDB170}.Debug|x64.ActiveCfg = Debug|Any CPU
		{89F66355-F554-4CDF-8FA6-3DE335FDB170}.Debug|x64.Build.0 = Debug|Any CPU
		{89F66355-F554-4CDF-8FA6-3DE335FDB170}.Debug|x86.ActiveCfg = Debug|Any CPU
		{89F66355-F554-4CDF-8FA6-3DE335FDB170}.Debug|x86.Build.0 = Debug|Any CPU
		{89F66355-F554-4CDF-8FA6-3DE335FDB170}.Release|Any CPU.ActiveCfg = Release|Any CPU
		{89F66355-F554-4CDF-8FA6-3DE335FDB170}.Release|Any CPU.Build.0 = Release|Any CPU
		{89F66355-F554-4CDF-8FA6-3DE335FDB170}.Release|x64.ActiveCfg = Release|Any CPU
		{89F66355-F554-4CDF-8FA6-3DE335FDB170}.Release|x64.Build.0 = Release|Any CPU
		{89F66355-F554-4CDF-8FA6-3DE335FDB170}.Release|x86.ActiveCfg = Release|Any CPU
		{89F66355-F554-4CDF-8FA6-3DE335FDB170}.Release|x86.Build.0 = Release|Any CPU
	EndGlobalSection
	GlobalSection(NestedProjects) = preSolution
		{4532B44A-5CE2-4324-9FB4-9B9E06F99CD4} = {AE94EEC1-2A6F-4225-BFE9-2B4A8FF0DC1D}
		{89F66355-F554-4CDF-8FA6-3DE335FDB170} = {4A3A3C70-1A16-44F5-AADA-D9FFF54BE7E6}
	EndGlobalSection
EndGlobal
